// !$*UTF8*$!
{
	archiveVersion = 1;
	classes = {
	};
	objectVersion = 46;
	objects = {

/* Begin PBXBuildFile section */
		573AB0C71CEB1B3D0017AE83 /* AppDelegate.swift in Sources */ = {isa = PBXBuildFile; fileRef = 573AB0C61CEB1B3D0017AE83 /* AppDelegate.swift */; };
		573AB0C91CEB1B3D0017AE83 /* ViewController.swift in Sources */ = {isa = PBXBuildFile; fileRef = 573AB0C81CEB1B3D0017AE83 /* ViewController.swift */; };
		573AB0CC1CEB1B3D0017AE83 /* Main.storyboard in Resources */ = {isa = PBXBuildFile; fileRef = 573AB0CA1CEB1B3D0017AE83 /* Main.storyboard */; };
		573AB0CE1CEB1B3D0017AE83 /* Assets.xcassets in Resources */ = {isa = PBXBuildFile; fileRef = 573AB0CD1CEB1B3D0017AE83 /* Assets.xcassets */; };
		573AB0D11CEB1B3D0017AE83 /* LaunchScreen.storyboard in Resources */ = {isa = PBXBuildFile; fileRef = 573AB0CF1CEB1B3D0017AE83 /* LaunchScreen.storyboard */; };
		573AB0D91CEB1EC40017AE83 /* zing-mp3.jpg in Resources */ = {isa = PBXBuildFile; fileRef = 573AB0D81CEB1EC40017AE83 /* zing-mp3.jpg */; };
/* End PBXBuildFile section */

/* Begin PBXFileReference section */
		573AB0C31CEB1B3C0017AE83 /* mp3.zing.app */ = {isa = PBXFileReference; explicitFileType = wrapper.application; includeInIndex = 0; path = mp3.zing.app; sourceTree = BUILT_PRODUCTS_DIR; };
		573AB0C61CEB1B3D0017AE83 /* AppDelegate.swift */ = {isa = PBXFileReference; lastKnownFileType = sourcecode.swift; path = AppDelegate.swift; sourceTree = "<group>"; };
		573AB0C81CEB1B3D0017AE83 /* ViewController.swift */ = {isa = PBXFileReference; lastKnownFileType = sourcecode.swift; path = ViewController.swift; sourceTree = "<group>"; };
		573AB0CB1CEB1B3D0017AE83 /* Base */ = {isa = PBXFileReference; lastKnownFileType = file.storyboard; name = Base; path = Base.lproj/Main.storyboard; sourceTree = "<group>"; };
		573AB0CD1CEB1B3D0017AE83 /* Assets.xcassets */ = {isa = PBXFileReference; lastKnownFileType = folder.assetcatalog; path = Assets.xcassets; sourceTree = "<group>"; };
		573AB0D01CEB1B3D0017AE83 /* Base */ = {isa = PBXFileReference; lastKnownFileType = file.storyboard; name = Base; path = Base.lproj/LaunchScreen.storyboard; sourceTree = "<group>"; };
		573AB0D21CEB1B3D0017AE83 /* Info.plist */ = {isa = PBXFileReference; lastKnownFileType = text.plist.xml; path = Info.plist; sourceTree = "<group>"; };
		573AB0D81CEB1EC40017AE83 /* zing-mp3.jpg */ = {isa = PBXFileReference; lastKnownFileType = image.jpeg; path = "zing-mp3.jpg"; sourceTree = "<group>"; };
/* End PBXFileReference section */

/* Begin PBXFrameworksBuildPhase section */
		573AB0C01CEB1B3C0017AE83 /* Frameworks */ = {
			isa = PBXFrameworksBuildPhase;
			buildActionMask = 2147483647;
			files = (
			);
			runOnlyForDeploymentPostprocessing = 0;
		};
/* End PBXFrameworksBuildPhase section */

/* Begin PBXGroup section */
		573AB0BA1CEB1B3C0017AE83 = {
			isa = PBXGroup;
			children = (
				573AB0C51CEB1B3C0017AE83 /* mp3.zing */,
				573AB0C41CEB1B3C0017AE83 /* Products */,
			);
			sourceTree = "<group>";
		};
		573AB0C41CEB1B3C0017AE83 /* Products */ = {
			isa = PBXGroup;
			children = (
				573AB0C31CEB1B3C0017AE83 /* mp3.zing.app */,
			);
			name = Products;
			sourceTree = "<group>";
		};
		573AB0C51CEB1B3C0017AE83 /* mp3.zing */ = {
			isa = PBXGroup;
			children = (
				573AB0D81CEB1EC40017AE83 /* zing-mp3.jpg */,
				573AB0C61CEB1B3D0017AE83 /* AppDelegate.swift */,
				573AB0C81CEB1B3D0017AE83 /* ViewController.swift */,
				573AB0CA1CEB1B3D0017AE83 /* Main.storyboard */,
				573AB0CD1CEB1B3D0017AE83 /* Assets.xcassets */,
				573AB0CF1CEB1B3D0017AE83 /* LaunchScreen.storyboard */,
				573AB0D21CEB1B3D0017AE83 /* Info.plist */,
			);
			path = mp3.zing;
			sourceTree = "<group>";
		};
/* End PBXGroup section */

/* Begin PBXNativeTarget section */
		573AB0C21CEB1B3C0017AE83 /* mp3.zing */ = {
			isa = PBXNativeTarget;
			buildConfigurationList = 573AB0D51CEB1B3D0017AE83 /* Build configuration list for PBXNativeTarget "mp3.zing" */;
			buildPhases = (
				573AB0BF1CEB1B3C0017AE83 /* Sources */,
				573AB0C01CEB1B3C0017AE83 /* Frameworks */,
				573AB0C11CEB1B3C0017AE83 /* Resources */,
			);
			buildRules = (
			);
			dependencies = (
			);
			name = mp3.zing;
			productName = mp3.zing;
			productReference = 573AB0C31CEB1B3C0017AE83 /* mp3.zing.app */;
			productType = "com.apple.product-type.application";
		};
/* End PBXNativeTarget section */

/* Begin PBXProject section */
		573AB0BB1CEB1B3C0017AE83 /* Project object */ = {
			isa = PBXProject;
			attributes = {
				LastSwiftUpdateCheck = 0730;
				LastUpgradeCheck = 0730;
				ORGANIZATIONNAME = TuNguyen;
				TargetAttributes = {
					573AB0C21CEB1B3C0017AE83 = {
						CreatedOnToolsVersion = 7.3;
						LastSwiftMigration = 0800;
					};
				};
			};
			buildConfigurationList = 573AB0BE1CEB1B3C0017AE83 /* Build configuration list for PBXProject "mp3.zing" */;
			compatibilityVersion = "Xcode 3.2";
			developmentRegion = English;
			hasScannedForEncodings = 0;
			knownRegions = (
				en,
				Base,
			);
			mainGroup = 573AB0BA1CEB1B3C0017AE83;
			productRefGroup = 573AB0C41CEB1B3C0017AE83 /* Products */;
			projectDirPath = "";
			projectRoot = "";
			targets = (
				573AB0C21CEB1B3C0017AE83 /* mp3.zing */,
			);
		};
/* End PBXProject section */

/* Begin PBXResourcesBuildPhase section */
		573AB0C11CEB1B3C0017AE83 /* Resources */ = {
			isa = PBXResourcesBuildPhase;
			buildActionMask = 2147483647;
			files = (
				573AB0D91CEB1EC40017AE83 /* zing-mp3.jpg in Resources */,
				573AB0D11CEB1B3D0017AE83 /* LaunchScreen.storyboard in Resources */,
				573AB0CE1CEB1B3D0017AE83 /* Assets.xcassets in Resources */,
				573AB0CC1CEB1B3D0017AE83 /* Main.storyboard in Resources */,
			);
			runOnlyForDeploymentPostprocessing = 0;
		};
/* End PBXResourcesBuildPhase section */

/* Begin PBXSourcesBuildPhase section */
		573AB0BF1CEB1B3C0017AE83 /* Sources */ = {
			isa = PBXSourcesBuildPhase;
			buildActionMask = 2147483647;
			files = (
				573AB0C91CEB1B3D0017AE83 /* ViewController.swift in Sources */,
				573AB0C71CEB1B3D0017AE83 /* AppDelegate.swift in Sources */,
			);
			runOnlyForDeploymentPostprocessing = 0;
		};
/* End PBXSourcesBuildPhase section */

/* Begin PBXVariantGroup section */
		573AB0CA1CEB1B3D0017AE83 /* Main.storyboard */ = {
			isa = PBXVariantGroup;
			children = (
				573AB0CB1CEB1B3D0017AE83 /* Base */,
			);
			name = Main.storyboard;
			sourceTree = "<group>";
		};
		573AB0CF1CEB1B3D0017AE83 /* LaunchScreen.storyboard */ = {
			isa = PBXVariantGroup;
			children = (
				573AB0D01CEB1B3D0017AE83 /* Base */,
			);
			name = LaunchScreen.storyboard;
			sourceTree = "<group>";
		};
/* End PBXVariantGroup section */

/* Begin XCBuildConfiguration section */
		573AB0D31CEB1B3D0017AE83 /* Debug */ = {
			isa = XCBuildConfiguration;
			buildSettings = {
				ALWAYS_SEARCH_USER_PATHS = NO;
				CLANG_ANALYZER_NONNULL = YES;
				CLANG_CXX_LANGUAGE_STANDARD = "gnu++0x";
				CLANG_CXX_LIBRARY = "libc++";
				CLANG_ENABLE_MODULES = YES;
				CLANG_ENABLE_OBJC_ARC = YES;
				CLANG_WARN_BOOL_CONVERSION = YES;
				CLANG_WARN_CONSTANT_CONVERSION = YES;
				CLANG_WARN_DIRECT_OBJC_ISA_USAGE = YES_ERROR;
				CLANG_WARN_EMPTY_BODY = YES;
				CLANG_WARN_ENUM_CONVERSION = YES;
				CLANG_WARN_INT_CONVERSION = YES;
				CLANG_WARN_OBJC_ROOT_CLASS = YES_ERROR;
				CLANG_WARN_UNREACHABLE_CODE = YES;
				CLANG_WARN__DUPLICATE_METHOD_MATCH = YES;
				"CODE_SIGN_IDENTITY[sdk=iphoneos*]" = "iPhone Developer";
				COPY_PHASE_STRIP = NO;
				DEBUG_INFORMATION_FORMAT = dwarf;
				ENABLE_STRICT_OBJC_MSGSEND = YES;
				ENABLE_TESTABILITY = YES;
				GCC_C_LANGUAGE_STANDARD = gnu99;
				GCC_DYNAMIC_NO_PIC = NO;
				GCC_NO_COMMON_BLOCKS = YES;
				GCC_OPTIMIZATION_LEVEL = 0;
				GCC_PREPROCESSOR_DEFINITIONS = (
					"DEBUG=1",
					"$(inherited)",
				);
				GCC_WARN_64_TO_32_BIT_CONVERSION = YES;
				GCC_WARN_ABOUT_RETURN_TYPE = YES_ERROR;
				GCC_WARN_UNDECLARED_SELECTOR = YES;
				GCC_WARN_UNINITIALIZED_AUTOS = YES_AGGRESSIVE;
				GCC_WARN_UNUSED_FUNCTION = YES;
				GCC_WARN_UNUSED_VARIABLE = YES;
				IPHONEOS_DEPLOYMENT_TARGET = 9.3;
				MTL_ENABLE_DEBUG_INFO = YES;
				ONLY_ACTIVE_ARCH = YES;
				SDKROOT = iphoneos;
				SWIFT_OPTIMIZATION_LEVEL = "-Onone";
				TARGETED_DEVICE_FAMILY = "1,2";
			};
			name = Debug;
		};
		573AB0D41CEB1B3D0017AE83 /* Release */ = {
			isa = XCBuildConfiguration;
			buildSettings = {
				ALWAYS_SEARCH_USER_PATHS = NO;
				CLANG_ANALYZER_NONNULL = YES;
				CLANG_CXX_LANGUAGE_STANDARD = "gnu++0x";
				CLANG_CXX_LIBRARY = "libc++";
				CLANG_ENABLE_MODULES = YES;
				CLANG_ENABLE_OBJC_ARC = YES;
				CLANG_WARN_BOOL_CONVERSION = YES;
				CLANG_WARN_CONSTANT_CONVERSION = YES;
				CLANG_WARN_DIRECT_OBJC_ISA_USAGE = YES_ERROR;
				CLANG_WARN_EMPTY_BODY = YES;
				CLANG_WARN_ENUM_CONVERSION = YES;
				CLANG_WARN_INT_CONVERSION = YES;
				CLANG_WARN_OBJC_ROOT_CLASS = YES_ERROR;
				CLANG_WARN_UNREACHABLE_CODE = YES;
				CLANG_WARN__DUPLICATE_METHOD_MATCH = YES;
				"CODE_SIGN_IDENTITY[sdk=iphoneos*]" = "iPhone Developer";
				COPY_PHASE_STRIP = NO;
				DEBUG_INFORMATION_FORMAT = "dwarf-with-dsym";
				ENABLE_NS_ASSERTIONS = NO;
				ENABLE_STRICT_OBJC_MSGSEND = YES;
				GCC_C_LANGUAGE_STANDARD = gnu99;
				GCC_NO_COMMON_BLOCKS = YES;
				GCC_WARN_64_TO_32_BIT_CONVERSION = YES;
				GCC_WARN_ABOUT_RETURN_TYPE = YES_ERROR;
				GCC_WARN_UNDECLARED_SELECTOR = YES;
				GCC_WARN_UNINITIALIZED_AUTOS = YES_AGGRESSIVE;
				GCC_WARN_UNUSED_FUNCTION = YES;
				GCC_WARN_UNUSED_VARIABLE = YES;
				IPHONEOS_DEPLOYMENT_TARGET = 9.3;
				MTL_ENABLE_DEBUG_INFO = NO;
				SDKROOT = iphoneos;
				TARGETED_DEVICE_FAMILY = "1,2";
				VALIDATE_PRODUCT = YES;
			};
			name = Release;
		};
		573AB0D61CEB1B3D0017AE83 /* Debug */ = {
			isa = XCBuildConfiguration;
			buildSettings = {
				ASSETCATALOG_COMPILER_APPICON_NAME = AppIcon;
				INFOPLIST_FILE = mp3.zing/Info.plist;
				LD_RUNPATH_SEARCH_PATHS = "$(inherited) @executable_path/Frameworks";
				PRODUCT_BUNDLE_IDENTIFIER = "com.nvt.mp3-zing";
				PRODUCT_NAME = "$(TARGET_NAME)";
				SWIFT_VERSION = 3.0;
			};
			name = Debug;
		};
		573AB0D71CEB1B3D0017AE83 /* Release */ = {
			isa = XCBuildConfiguration;
			buildSettings = {
				ASSETCATALOG_COMPILER_APPICON_NAME = AppIcon;
				INFOPLIST_FILE = mp3.zing/Info.plist;
				LD_RUNPATH_SEARCH_PATHS = "$(inherited) @executable_path/Frameworks";
				PRODUCT_BUNDLE_IDENTIFIER = "com.nvt.mp3-zing";
				PRODUCT_NAME = "$(TARGET_NAME)";
				SWIFT_VERSION = 3.0;
			};
			name = Release;
		};
/* End XCBuildConfiguration section */

/* Begin XCConfigurationList section */
		573AB0BE1CEB1B3C0017AE83 /* Build configuration list for PBXProject "mp3.zing" */ = {
			isa = XCConfigurationList;
			buildConfigurations = (
				573AB0D31CEB1B3D0017AE83 /* Debug */,
				573AB0D41CEB1B3D0017AE83 /* Release */,
			);
			defaultConfigurationIsVisible = 0;
			defaultConfigurationName = Release;
		};
		573AB0D51CEB1B3D0017AE83 /* Build configuration list for PBXNativeTarget "mp3.zing" */ = {
			isa = XCConfigurationList;
			buildConfigurations = (
				573AB0D61CEB1B3D0017AE83 /* Debug */,
				573AB0D71CEB1B3D0017AE83 /* Release */,
			);
			defaultConfigurationIsVisible = 0;
			defaultConfigurationName = Release;
		};
/* End XCConfigurationList section */
	};
	rootObject = 573AB0BB1CEB1B3C0017AE83 /* Project object */;
}
